
Microsoft Visual Studio Solution File, Format Version 12.00
# Visual Studio 14
VisualStudioVersion = 14.0.25420.1
MinimumVisualStudioVersion = 10.0.40219.1
Project("{FAE04EC0-301F-11D3-BF4B-00C04F79EFBC}") = "LudoFixed", "LudoFixed\LudoFixed.csproj", "{71223C5A-D6E4-4B4C-83A8-CD43CD032154}"
EndProject
Project("{FAE04EC0-301F-11D3-BF4B-00C04F79EFBC}") = "NoGUI", "NoGUI\NoGUI.csproj", "{25DC412A-8390-4EF9-8F3E-CF9AC474108B}"
EndProject
Project("{FAE04EC0-301F-11D3-BF4B-00C04F79EFBC}") = "LudoGame", "LudoGame\LudoGame.csproj", "{5855F336-A85B-409A-9F91-2B5CE51FAD4E}"
EndProject
Global
	GlobalSection(SolutionConfigurationPlatforms) = preSolution
		Debug|Any CPU = Debug|Any CPU
		Release|Any CPU = Release|Any CPU
	EndGlobalSection
	GlobalSection(ProjectConfigurationPlatforms) = postSolution
		{71223C5A-D6E4-4B4C-83A8-CD43CD032154}.Debug|Any CPU.ActiveCfg = Debug|Any CPU
		{71223C5A-D6E4-4B4C-83A8-CD43CD032154}.Debug|Any CPU.Build.0 = Debug|Any CPU
		{71223C5A-D6E4-4B4C-83A8-CD43CD032154}.Release|Any CPU.ActiveCfg = Release|Any CPU
		{71223C5A-D6E4-4B4C-83A8-CD43CD032154}.Release|Any CPU.Build.0 = Release|Any CPU
		{25DC412A-8390-4EF9-8F3E-CF9AC474108B}.Debug|Any CPU.ActiveCfg = Debug|Any CPU
		{25DC412A-8390-4EF9-8F3E-CF9AC474108B}.Debug|Any CPU.Build.0 = Debug|Any CPU
		{25DC412A-8390-4EF9-8F3E-CF9AC474108B}.Release|Any CPU.ActiveCfg = Release|Any CPU
		{25DC412A-8390-4EF9-8F3E-CF9AC474108B}.Release|Any CPU.Build.0 = Release|Any CPU
		{5855F336-A85B-409A-9F91-2B5CE51FAD4E}.Debug|Any CPU.ActiveCfg = Debug|Any CPU
		{5855F336-A85B-409A-9F91-2B5CE51FAD4E}.Debug|Any CPU.Build.0 = Debug|Any CPU
		{5855F336-A85B-409A-9F91-2B5CE51FAD4E}.Release|Any CPU.ActiveCfg = Release|Any CPU
		{5855F336-A85B-409A-9F91-2B5CE51FAD4E}.Release|Any CPU.Build.0 = Release|Any CPU
	EndGlobalSection
	GlobalSection(SolutionProperties) = preSolution
		HideSolutionNode = FALSE
	EndGlobalSection
EndGlobal
